
Microsoft Visual Studio Solution File, Format Version 11.00
# Visual Studio 2010
# SharpDevelop 4.3
Project("{FAE04EC0-301F-11D3-BF4B-00C04F79EFBC}") = "CoversionDolaresPesos", "CoversionDolaresPesos\CoversionDolaresPesos.csproj", "{CF2FBD51-76BA-48C6-85BD-78F03D978C6E}"
EndProject
Global
	GlobalSection(SolutionConfigurationPlatforms) = preSolution
		Debug|Any CPU = Debug|Any CPU
		Release|Any CPU = Release|Any CPU
	EndGlobalSection
	GlobalSection(ProjectConfigurationPlatforms) = postSolution
		{CF2FBD51-76BA-48C6-85BD-78F03D978C6E}.Debug|Any CPU.Build.0 = Debug|Any CPU
		{CF2FBD51-76BA-48C6-85BD-78F03D978C6E}.Debug|Any CPU.ActiveCfg = Debug|Any CPU
		{CF2FBD51-76BA-48C6-85BD-78F03D978C6E}.Release|Any CPU.Build.0 = Release|Any CPU
		{CF2FBD51-76BA-48C6-85BD-78F03D978C6E}.Release|Any CPU.ActiveCfg = Release|Any CPU
	EndGlobalSection
EndGlobal
